<?xml version="1.0" encoding="utf-8"?>
<Project ToolsVersion="4.0" xmlns="http://schemas.microsoft.com/developer/msbuild/2003">
  <ItemGroup>
    <Filter Include="Source Files">
      <UniqueIdentifier>{4FC737F1-C7A5-4376-A066-2A32D752A2FF}</UniqueIdentifier>
      <Extensions>cpp;c;cc;cxx;c++;cppm;ixx;def;odl;idl;hpj;bat;asm;asmx</Extensions>
    </Filter>
    <Filter Include="Header Files">
      <UniqueIdentifier>{93995380-89BD-4b04-88EB-625FBE52EBFB}</UniqueIdentifier>
      <Extensions>h;hh;hpp;hxx;h++;hm;inl;inc;ipp;xsd</Extensions>
    </Filter>
    <Filter Include="Resource Files">
      <UniqueIdentifier>{67DA6AB6-F800-4c08-8B7A-83BB121AAD01}</UniqueIdentifier>
      <Extensions>rc;ico;cur;bmp;dlg;rc2;rct;bin;rgs;gif;jpg;jpeg;jpe;resx;tiff;tif;png;wav;mfcribbon-ms</Extensions>
    </Filter>
  </ItemGroup>
  <ItemGroup>
    <ClCompile Include="Form_ModeSelector.cpp">
      <Filter>Source Files</Filter>
    </ClCompile>
    <ClCompile Include="Form_CreateAccount.cpp">
      <Filter>Source Files</Filter>
    </ClCompile>
    <ClCompile Include="Form_EntryEdit.cpp">
      <Filter>Source Files</Filter>
    </ClCompile>
    <ClCompile Include="Form_PWManager.cpp">
      <Filter>Source Files</Filter>
    </ClCompile>
    <ClCompile Include="Form_Login.cpp">
      <Filter>Source Files</Filter>
    </ClCompile>
    <ClCompile Include="Form_AccountEdit.cpp">
      <Filter>Source Files</Filter>
    </ClCompile>
    <ClCompile Include="Source.cpp">
      <Filter>Source Files</Filter>
    </ClCompile>
    <ClCompile Include="RuntimeData_EducationModeOutputData.cpp">
      <Filter>Source Files</Filter>
    </ClCompile>
    <ClCompile Include="RuntimeData_ApplicationData.cpp">
      <Filter>Source Files</Filter>
    </ClCompile>
    <ClCompile Include="Functional_User.cpp">
      <Filter>Source Files</Filter>
    </ClCompile>
    <ClCompile Include="Functional_UserManager.cpp">
      <Filter>Source Files</Filter>
    </ClCompile>
    <ClCompile Include="Functional_PWManager.cpp">
      <Filter>Source Files</Filter>
    </ClCompile>
    <ClCompile Include="Functional_PasswordEntry.cpp">
      <Filter>Source Files</Filter>
    </ClCompile>
    <ClCompile Include="Functional_EncryptionDecryption.cpp">
      <Filter>Source Files</Filter>
    </ClCompile>
    <ClCompile Include="Functional_TxtFileManager.cpp">
      <Filter>Source Files</Filter>
    </ClCompile>
    <ClCompile Include="Functional_TypeConverstions.cpp">
      <Filter>Source Files</Filter>
    </ClCompile>
  </ItemGroup>
  <ItemGroup>
    <ClInclude Include="Form_ModeSelector.h">
      <Filter>Header Files</Filter>
    </ClInclude>
    <ClInclude Include="Form_CreateAccount.h">
      <Filter>Header Files</Filter>
    </ClInclude>
    <ClInclude Include="Form_EntryEdit.h">
      <Filter>Header Files</Filter>
    </ClInclude>
    <ClInclude Include="Form_PWManager.h">
      <Filter>Header Files</Filter>
    </ClInclude>
    <ClInclude Include="Form_Login.h">
      <Filter>Header Files</Filter>
    </ClInclude>
    <ClInclude Include="Form_AccountEdit.h">
      <Filter>Header Files</Filter>
    </ClInclude>
    <ClInclude Include="Source.h">
      <Filter>Header Files</Filter>
    </ClInclude>
    <ClInclude Include="RuntimeData_EducationModeOutputData.h">
      <Filter>Header Files</Filter>
    </ClInclude>
    <ClInclude Include="RuntimeData_ApplicationData.h">
      <Filter>Header Files</Filter>
    </ClInclude>
    <ClInclude Include="Functional_User.h">
      <Filter>Header Files</Filter>
    </ClInclude>
    <ClInclude Include="Functional_UserManager.h">
      <Filter>Header Files</Filter>
    </ClInclude>
    <ClInclude Include="Functional_PWManager.h">
      <Filter>Header Files</Filter>
    </ClInclude>
    <ClInclude Include="Functional_PasswordEntry.h">
      <Filter>Header Files</Filter>
    </ClInclude>
    <ClInclude Include="Functional_EncryptionDecryption.h">
      <Filter>Header Files</Filter>
    </ClInclude>
    <ClInclude Include="Functional_TxtFileManager.h">
      <Filter>Header Files</Filter>
    </ClInclude>
    <ClInclude Include="Functional_TypeConverstions.h">
      <Filter>Header Files</Filter>
    </ClInclude>
  </ItemGroup>
  <ItemGroup>
    <None Include="ClassDiagram.cd" />
  </ItemGroup>
  <ItemGroup>
    <Image Include="..\images\icons\icons8-hide-10.png">
      <Filter>Resource Files</Filter>
    </Image>
    <Image Include="..\images\icons\icons8-hide-24.png">
      <Filter>Resource Files</Filter>
    </Image>
    <Image Include="..\images\icons\icons8-trash-30.png">
      <Filter>Resource Files</Filter>
    </Image>
    <Image Include="..\images\icons\icons8-ui-30.png">
      <Filter>Resource Files</Filter>
    </Image>
    <Image Include="..\images\icons\padlock.ico">
      <Filter>Resource Files</Filter>
    </Image>
    <Image Include="..\images\bg\400 650 01.png">
      <Filter>Resource Files</Filter>
    </Image>
    <Image Include="..\images\bg\500 850 03.png">
      <Filter>Resource Files</Filter>
    </Image>
  </ItemGroup>
</Project>